
Microsoft Visual Studio Solution File, Format Version 12.00
# Visual Studio 2012
Project("{8BC9CEB8-8B4A-11D0-8D11-00A0C91BC942}") = "deque", "deque\deque.vcxproj", "{103D02CA-45ED-4E4F-9C11-C121B590FC34}"
EndProject
Global
	GlobalSection(SolutionConfigurationPlatforms) = preSolution
		Debug|Win32 = Debug|Win32
		Release|Win32 = Release|Win32
	EndGlobalSection
	GlobalSection(ProjectConfigurationPlatforms) = postSolution
		{103D02CA-45ED-4E4F-9C11-C121B590FC34}.Debug|Win32.ActiveCfg = Debug|Win32
		{103D02CA-45ED-4E4F-9C11-C121B590FC34}.Debug|Win32.Build.0 = Debug|Win32
		{103D02CA-45ED-4E4F-9C11-C121B590FC34}.Release|Win32.ActiveCfg = Release|Win32
		{103D02CA-45ED-4E4F-9C11-C121B590FC34}.Release|Win32.Build.0 = Release|Win32
	EndGlobalSection
	GlobalSection(SolutionProperties) = preSolution
		HideSolutionNode = FALSE
	EndGlobalSection
EndGlobal
