
Microsoft Visual Studio Solution File, Format Version 12.00
# Visual Studio 2012
Project("{8BC9CEB8-8B4A-11D0-8D11-00A0C91BC942}") = "deque_", "deque_\deque_.vcxproj", "{2479773C-0558-4413-A68D-99A33247F33F}"
EndProject
Global
	GlobalSection(SolutionConfigurationPlatforms) = preSolution
		Debug|Win32 = Debug|Win32
		Release|Win32 = Release|Win32
	EndGlobalSection
	GlobalSection(ProjectConfigurationPlatforms) = postSolution
		{2479773C-0558-4413-A68D-99A33247F33F}.Debug|Win32.ActiveCfg = Debug|Win32
		{2479773C-0558-4413-A68D-99A33247F33F}.Debug|Win32.Build.0 = Debug|Win32
		{2479773C-0558-4413-A68D-99A33247F33F}.Release|Win32.ActiveCfg = Release|Win32
		{2479773C-0558-4413-A68D-99A33247F33F}.Release|Win32.Build.0 = Release|Win32
	EndGlobalSection
	GlobalSection(SolutionProperties) = preSolution
		HideSolutionNode = FALSE
	EndGlobalSection
EndGlobal
